
Microsoft Visual Studio Solution File, Format Version 12.00
# Visual Studio 14
VisualStudioVersion = 14.0.25420.1
MinimumVisualStudioVersion = 10.0.40219.1
Project("{FAE04EC0-301F-11D3-BF4B-00C04F79EFBC}") = "EDevlet", "EDevlet\EDevlet.csproj", "{301782CF-9CF8-4611-8C27-F0809DD71C3A}"
EndProject
Project("{FAE04EC0-301F-11D3-BF4B-00C04F79EFBC}") = "QNBFinansbankEnpara", "QNBFinansbankEnpara\QNBFinansbankEnpara.csproj", "{47894DBB-0C8E-40AB-BA89-BBB27632B9CA}"
EndProject
Global
	GlobalSection(SolutionConfigurationPlatforms) = preSolution
		Debug|Any CPU = Debug|Any CPU
		Release|Any CPU = Release|Any CPU
	EndGlobalSection
	GlobalSection(ProjectConfigurationPlatforms) = postSolution
		{301782CF-9CF8-4611-8C27-F0809DD71C3A}.Debug|Any CPU.ActiveCfg = Debug|Any CPU
		{301782CF-9CF8-4611-8C27-F0809DD71C3A}.Debug|Any CPU.Build.0 = Debug|Any CPU
		{301782CF-9CF8-4611-8C27-F0809DD71C3A}.Release|Any CPU.ActiveCfg = Release|Any CPU
		{301782CF-9CF8-4611-8C27-F0809DD71C3A}.Release|Any CPU.Build.0 = Release|Any CPU
		{47894DBB-0C8E-40AB-BA89-BBB27632B9CA}.Debug|Any CPU.ActiveCfg = Debug|Any CPU
		{47894DBB-0C8E-40AB-BA89-BBB27632B9CA}.Debug|Any CPU.Build.0 = Debug|Any CPU
		{47894DBB-0C8E-40AB-BA89-BBB27632B9CA}.Release|Any CPU.ActiveCfg = Release|Any CPU
		{47894DBB-0C8E-40AB-BA89-BBB27632B9CA}.Release|Any CPU.Build.0 = Release|Any CPU
	EndGlobalSection
	GlobalSection(SolutionProperties) = preSolution
		HideSolutionNode = FALSE
	EndGlobalSection
EndGlobal
